
Microsoft Visual Studio Solution File, Format Version 12.00
# Visual Studio Version 16
VisualStudioVersion = 16.0.29728.190
MinimumVisualStudioVersion = 10.0.40219.1
Project("{FAE04EC0-301F-11D3-BF4B-00C04F79EFBC}") = "Number_Guess_C_sharp", "Number_Guess_C_sharp.csproj", "{A8381CCC-8FFA-4C7C-AEF0-75FC73605BA6}"
EndProject
Global
	GlobalSection(SolutionConfigurationPlatforms) = preSolution
		Debug|Any CPU = Debug|Any CPU
		Release|Any CPU = Release|Any CPU
	EndGlobalSection
	GlobalSection(ProjectConfigurationPlatforms) = postSolution
		{A8381CCC-8FFA-4C7C-AEF0-75FC73605BA6}.Debug|Any CPU.ActiveCfg = Debug|Any CPU
		{A8381CCC-8FFA-4C7C-AEF0-75FC73605BA6}.Debug|Any CPU.Build.0 = Debug|Any CPU
		{A8381CCC-8FFA-4C7C-AEF0-75FC73605BA6}.Release|Any CPU.ActiveCfg = Release|Any CPU
		{A8381CCC-8FFA-4C7C-AEF0-75FC73605BA6}.Release|Any CPU.Build.0 = Release|Any CPU
	EndGlobalSection
	GlobalSection(SolutionProperties) = preSolution
		HideSolutionNode = FALSE
	EndGlobalSection
	GlobalSection(ExtensibilityGlobals) = postSolution
		SolutionGuid = {B3DBC38A-7696-4C15-8E76-796AC73059FA}
	EndGlobalSection
EndGlobal
